
Microsoft Visual Studio Solution File, Format Version 12.00
# Visual Studio Version 16
VisualStudioVersion = 16.0.31105.61
MinimumVisualStudioVersion = 10.0.40219.1
Project("{FAE04EC0-301F-11D3-BF4B-00C04F79EFBC}") = "MessagingService.API", "MessagingService.API.csproj", "{42574012-A36B-4D74-8B8A-BBCC5D21441C}"
EndProject
Global
	GlobalSection(SolutionConfigurationPlatforms) = preSolution
		Debug|Any CPU = Debug|Any CPU
		Release|Any CPU = Release|Any CPU
	EndGlobalSection
	GlobalSection(ProjectConfigurationPlatforms) = postSolution
		{42574012-A36B-4D74-8B8A-BBCC5D21441C}.Debug|Any CPU.ActiveCfg = Debug|Any CPU
		{42574012-A36B-4D74-8B8A-BBCC5D21441C}.Debug|Any CPU.Build.0 = Debug|Any CPU
		{42574012-A36B-4D74-8B8A-BBCC5D21441C}.Release|Any CPU.ActiveCfg = Release|Any CPU
		{42574012-A36B-4D74-8B8A-BBCC5D21441C}.Release|Any CPU.Build.0 = Release|Any CPU
	EndGlobalSection
	GlobalSection(SolutionProperties) = preSolution
		HideSolutionNode = FALSE
	EndGlobalSection
	GlobalSection(ExtensibilityGlobals) = postSolution
		SolutionGuid = {2A3E6D1B-6508-47AB-AD6E-07456D941BAB}
	EndGlobalSection
EndGlobal
